{
  "requires": true,
  "lockfileVersion": 1,
  "dependencies": {
    "kontra": {
      "version": "6.5.0",
      "resolved": "https://registry.npmjs.org/kontra/-/kontra-6.5.0.tgz",
      "integrity": "sha512-R4O2SQBnceDILE2ScOzReOBXgE5OuzSwKAw6neDoMIc/zQIwH7MNMAms0ew3g6qm1g66VbbxYUPTR8O8lEgmcw=="
    }
  }
}
